{
  "name": "flexlm-kafka-consumer",
  "version": "1.0.0",
  "lockfileVersion": 3,
  "requires": true,
  "packages": {
    "": {
      "name": "flexlm-kafka-consumer",
      "version": "1.0.0",
      "license": "MIT",
      "dependencies": {
        "@clickhouse/client": "^0.2.10",
        "kafkajs": "^2.2.4"
      }
    },
    "node_modules/@clickhouse/client": {
      "version": "0.2.10",
      "resolved": "https://registry.npmjs.org/@clickhouse/client/-/client-0.2.10.tgz",
      "integrity": "sha512-ZwBgzjEAFN/ogS0ym5KHVbR7Hx/oYCX01qGp2baEyfN2HM73kf/7Vp3GvMHWRy+zUXISONEtFv7UTViOXnmFrg==",
      "license": "Apache-2.0",
      "dependencies": {
        "@clickhouse/client-common": "0.2.10"
      },
      "engines": {
        "node": ">=16"
      }
    },
    "node_modules/@clickhouse/client-common": {
      "version": "0.2.10",
      "resolved": "https://registry.npmjs.org/@clickhouse/client-common/-/client-common-0.2.10.tgz",
      "integrity": "sha512-BvTY0IXS96y9RUeNCpKL4HUzHmY80L0lDcGN0lmUD6zjOqYMn78+xyHYJ/AIAX7JQsc+/KwFt2soZutQTKxoGQ==",
      "license": "Apache-2.0"
    },
    "node_modules/kafkajs": {
      "version": "2.2.4",
      "resolved": "https://registry.npmjs.org/kafkajs/-/kafkajs-2.2.4.tgz",
      "integrity": "sha512-j/YeapB1vfPT2iOIUn/vxdyKEuhuY2PxMBvf5JWux6iSaukAccrMtXEY/Lb7OvavDhOWME589bpLrEdnVHjfjA==",
      "license": "MIT",
      "engines": {
        "node": ">=14.0.0"
      }
    }
  }
}
